
Microsoft Visual Studio Solution File, Format Version 12.00
# Visual Studio Version 17
VisualStudioVersion = 17.0.31919.166
MinimumVisualStudioVersion = 10.0.40219.1
Project("{FAE04EC0-301F-11D3-BF4B-00C04F79EFBC}") = "BLT-FORM", "BLT-FORM\BLT-FORM.csproj", "{47466564-216D-465E-9100-3FFE60461338}"
EndProject
Project("{54435603-DBB4-11D2-8724-00A0C9A8B90C}") = "BTL", "BTL\BTL.vdproj", "{EADF39EA-AFB1-425A-9764-B9FE013FF819}"
EndProject
Global
	GlobalSection(SolutionConfigurationPlatforms) = preSolution
		Debug|Any CPU = Debug|Any CPU
		Release|Any CPU = Release|Any CPU
	EndGlobalSection
	GlobalSection(ProjectConfigurationPlatforms) = postSolution
		{47466564-216D-465E-9100-3FFE60461338}.Debug|Any CPU.ActiveCfg = Debug|Any CPU
		{47466564-216D-465E-9100-3FFE60461338}.Debug|Any CPU.Build.0 = Debug|Any CPU
		{47466564-216D-465E-9100-3FFE60461338}.Release|Any CPU.ActiveCfg = Release|Any CPU
		{47466564-216D-465E-9100-3FFE60461338}.Release|Any CPU.Build.0 = Release|Any CPU
		{EADF39EA-AFB1-425A-9764-B9FE013FF819}.Debug|Any CPU.ActiveCfg = Debug
		{EADF39EA-AFB1-425A-9764-B9FE013FF819}.Release|Any CPU.ActiveCfg = Release
	EndGlobalSection
	GlobalSection(SolutionProperties) = preSolution
		HideSolutionNode = FALSE
	EndGlobalSection
	GlobalSection(ExtensibilityGlobals) = postSolution
		SolutionGuid = {52DF0119-BCA9-44F5-9A08-26F4C8A346CE}
	EndGlobalSection
EndGlobal
